// !$*UTF8*$!
{
	archiveVersion = 1;
	classes = {
	};
	objectVersion = 46;
	objects = {

/* Begin PBXBuildFile section */
		7FEC3802ECA5AB44ED030086 /* libPods-WQBaseUIDemo.a in Frameworks */ = {isa = PBXBuildFile; fileRef = 4206F76108FE8DCD190650FF /* libPods-WQBaseUIDemo.a */; };
		DE4F88C51EE2984A00C33ABA /* WQUtils.m in Sources */ = {isa = PBXBuildFile; fileRef = DE4F88C41EE2984A00C33ABA /* WQUtils.m */; };
		DE52C9651ED8005200FDE643 /* main.m in Sources */ = {isa = PBXBuildFile; fileRef = DE52C9641ED8005200FDE643 /* main.m */; };
		DE52C9681ED8005200FDE643 /* AppDelegate.m in Sources */ = {isa = PBXBuildFile; fileRef = DE52C9671ED8005200FDE643 /* AppDelegate.m */; };
		DE52C96B1ED8005200FDE643 /* ViewController.m in Sources */ = {isa = PBXBuildFile; fileRef = DE52C96A1ED8005200FDE643 /* ViewController.m */; };
		DE52C96E1ED8005200FDE643 /* Main.storyboard in Resources */ = {isa = PBXBuildFile; fileRef = DE52C96C1ED8005200FDE643 /* Main.storyboard */; };
		DE52C9711ED8005200FDE643 /* WQBaseUIDemo.xcdatamodeld in Sources */ = {isa = PBXBuildFile; fileRef = DE52C96F1ED8005200FDE643 /* WQBaseUIDemo.xcdatamodeld */; };
		DE52C9731ED8005200FDE643 /* Assets.xcassets in Resources */ = {isa = PBXBuildFile; fileRef = DE52C9721ED8005200FDE643 /* Assets.xcassets */; };
		DE52C9761ED8005200FDE643 /* LaunchScreen.storyboard in Resources */ = {isa = PBXBuildFile; fileRef = DE52C9741ED8005200FDE643 /* LaunchScreen.storyboard */; };
		DE52C9BA1ED8019600FDE643 /* ZHAnimationView.m in Sources */ = {isa = PBXBuildFile; fileRef = DE52C9811ED8019600FDE643 /* ZHAnimationView.m */; };
		DE52C9BB1ED8019600FDE643 /* WQCommonArrowItem.m in Sources */ = {isa = PBXBuildFile; fileRef = DE52C9851ED8019600FDE643 /* WQCommonArrowItem.m */; };
		DE52C9BC1ED8019600FDE643 /* WQCommonBaseItem.m in Sources */ = {isa = PBXBuildFile; fileRef = DE52C9871ED8019600FDE643 /* WQCommonBaseItem.m */; };
		DE52C9BD1ED8019600FDE643 /* WQCommonCenterItem.m in Sources */ = {isa = PBXBuildFile; fileRef = DE52C9891ED8019600FDE643 /* WQCommonCenterItem.m */; };
		DE52C9BE1ED8019600FDE643 /* WQCommonCustomItem.m in Sources */ = {isa = PBXBuildFile; fileRef = DE52C98B1ED8019600FDE643 /* WQCommonCustomItem.m */; };
		DE52C9BF1ED8019600FDE643 /* WQCommonGroup.m in Sources */ = {isa = PBXBuildFile; fileRef = DE52C98D1ED8019600FDE643 /* WQCommonGroup.m */; };
		DE52C9C01ED8019600FDE643 /* WQCommonSubtitleItem.m in Sources */ = {isa = PBXBuildFile; fileRef = DE52C98F1ED8019600FDE643 /* WQCommonSubtitleItem.m */; };
		DE52C9C11ED8019600FDE643 /* WQCommonSwitchItem.m in Sources */ = {isa = PBXBuildFile; fileRef = DE52C9911ED8019600FDE643 /* WQCommonSwitchItem.m */; };
		DE52C9C21ED8019600FDE643 /* WQCommonBaseCell.m in Sources */ = {isa = PBXBuildFile; fileRef = DE52C9941ED8019600FDE643 /* WQCommonBaseCell.m */; };
		DE52C9C31ED8019600FDE643 /* WQCommonBaseTableController.m in Sources */ = {isa = PBXBuildFile; fileRef = DE52C9971ED8019600FDE643 /* WQCommonBaseTableController.m */; };
		DE52C9C41ED8019600FDE643 /* WQCommonDataResource.m in Sources */ = {isa = PBXBuildFile; fileRef = DE52C99B1ED8019600FDE643 /* WQCommonDataResource.m */; };
		DE52C9C51ED8019600FDE643 /* WQStarContainerView.m in Sources */ = {isa = PBXBuildFile; fileRef = DE52C99F1ED8019600FDE643 /* WQStarContainerView.m */; };
		DE52C9C61ED8019600FDE643 /* WQStarLevel.m in Sources */ = {isa = PBXBuildFile; fileRef = DE52C9A11ED8019600FDE643 /* WQStarLevel.m */; };
		DE52C9C71ED8019600FDE643 /* WQEdgeTitleButton.m in Sources */ = {isa = PBXBuildFile; fileRef = DE52C9A41ED8019600FDE643 /* WQEdgeTitleButton.m */; };
		DE52C9C81ED8019600FDE643 /* WQStepNumberView.m in Sources */ = {isa = PBXBuildFile; fileRef = DE52C9A61ED8019600FDE643 /* WQStepNumberView.m */; };
		DE52C9C91ED8019600FDE643 /* WQTextView.m in Sources */ = {isa = PBXBuildFile; fileRef = DE52C9A81ED8019600FDE643 /* WQTextView.m */; };
		DE52C9CA1ED8019600FDE643 /* WQTipTextField.m in Sources */ = {isa = PBXBuildFile; fileRef = DE52C9AA1ED8019600FDE643 /* WQTipTextField.m */; };
		DE52C9E11ED804C800FDE643 /* WQAPPHELP.m in Sources */ = {isa = PBXBuildFile; fileRef = DE52C9D41ED804C800FDE643 /* WQAPPHELP.m */; };
		DE52C9E21ED804C800FDE643 /* WQBroserController.m in Sources */ = {isa = PBXBuildFile; fileRef = DE52C9D61ED804C800FDE643 /* WQBroserController.m */; };
		DE52C9E41ED804C800FDE643 /* WQKeyboardAdjustHelp.m in Sources */ = {isa = PBXBuildFile; fileRef = DE52C9D91ED804C800FDE643 /* WQKeyboardAdjustHelp.m */; };
		DE52C9E51ED804C800FDE643 /* WQControllerTransition.m in Sources */ = {isa = PBXBuildFile; fileRef = DE52C9DC1ED804C800FDE643 /* WQControllerTransition.m */; };
		DE52C9E61ED804C800FDE643 /* WQPopoverPresentationController.m in Sources */ = {isa = PBXBuildFile; fileRef = DE52C9DE1ED804C800FDE643 /* WQPopoverPresentationController.m */; };
		DE52C9E71ED804C800FDE643 /* WQPresentationController.m in Sources */ = {isa = PBXBuildFile; fileRef = DE52C9E01ED804C800FDE643 /* WQPresentationController.m */; };
		DE5387D91EE809C000FDBE8C /* MBProgressHUD.bundle in Resources */ = {isa = PBXBuildFile; fileRef = DE5387D81EE809C000FDBE8C /* MBProgressHUD.bundle */; };
		DE67294A1EE68A18000D9C45 /* WQHUD.m in Sources */ = {isa = PBXBuildFile; fileRef = DE6729491EE68A18000D9C45 /* WQHUD.m */; };
		DEFBEC4A1EE8ED9B006FDADC /* Colours.m in Sources */ = {isa = PBXBuildFile; fileRef = DEFBEC3E1EE8ED9B006FDADC /* Colours.m */; };
		DEFBEC4B1EE8ED9B006FDADC /* UIBarButtonItem+Badge.m in Sources */ = {isa = PBXBuildFile; fileRef = DEFBEC401EE8ED9B006FDADC /* UIBarButtonItem+Badge.m */; };
		DEFBEC4C1EE8ED9B006FDADC /* UIButton+countDown.m in Sources */ = {isa = PBXBuildFile; fileRef = DEFBEC421EE8ED9B006FDADC /* UIButton+countDown.m */; };
		DEFBEC4D1EE8ED9B006FDADC /* UIGestureRecognizer+Block.m in Sources */ = {isa = PBXBuildFile; fileRef = DEFBEC441EE8ED9B006FDADC /* UIGestureRecognizer+Block.m */; };
		DEFBEC5B1EE8EE36006FDADC /* UIBarButtonItem+WQInitHelp.m in Sources */ = {isa = PBXBuildFile; fileRef = DEFBEC521EE8EE36006FDADC /* UIBarButtonItem+WQInitHelp.m */; };
		DEFBEC5C1EE8EE36006FDADC /* UIColor+WQColor.m in Sources */ = {isa = PBXBuildFile; fileRef = DEFBEC541EE8EE36006FDADC /* UIColor+WQColor.m */; };
		DEFBEC5D1EE8EE36006FDADC /* UIImage+WQHelp.m in Sources */ = {isa = PBXBuildFile; fileRef = DEFBEC561EE8EE36006FDADC /* UIImage+WQHelp.m */; };
		DEFBEC5E1EE8EE36006FDADC /* UIImageView+WQAnimation.m in Sources */ = {isa = PBXBuildFile; fileRef = DEFBEC581EE8EE36006FDADC /* UIImageView+WQAnimation.m */; };
		DEFBEC5F1EE8EE36006FDADC /* UIView+WQLayout.m in Sources */ = {isa = PBXBuildFile; fileRef = DEFBEC5A1EE8EE36006FDADC /* UIView+WQLayout.m */; };
/* End PBXBuildFile section */

/* Begin PBXFileReference section */
		3878E90AA25713C18017F98C /* Pods-WQBaseUIDemo.debug.xcconfig */ = {isa = PBXFileReference; includeInIndex = 1; lastKnownFileType = text.xcconfig; name = "Pods-WQBaseUIDemo.debug.xcconfig"; path = "Pods/Target Support Files/Pods-WQBaseUIDemo/Pods-WQBaseUIDemo.debug.xcconfig"; sourceTree = "<group>"; };
		4206F76108FE8DCD190650FF /* libPods-WQBaseUIDemo.a */ = {isa = PBXFileReference; explicitFileType = archive.ar; includeInIndex = 0; path = "libPods-WQBaseUIDemo.a"; sourceTree = BUILT_PRODUCTS_DIR; };
		7F355AF01F0123EB3911390B /* Pods-WQBaseUIDemo.release.xcconfig */ = {isa = PBXFileReference; includeInIndex = 1; lastKnownFileType = text.xcconfig; name = "Pods-WQBaseUIDemo.release.xcconfig"; path = "Pods/Target Support Files/Pods-WQBaseUIDemo/Pods-WQBaseUIDemo.release.xcconfig"; sourceTree = "<group>"; };
		DE4F88C31EE2984A00C33ABA /* WQUtils.h */ = {isa = PBXFileReference; fileEncoding = 4; lastKnownFileType = sourcecode.c.h; path = WQUtils.h; sourceTree = "<group>"; };
		DE4F88C41EE2984A00C33ABA /* WQUtils.m */ = {isa = PBXFileReference; fileEncoding = 4; lastKnownFileType = sourcecode.c.objc; path = WQUtils.m; sourceTree = "<group>"; };
		DE4F88C71EE29AE900C33ABA /* WQBaseUIComponents.h */ = {isa = PBXFileReference; fileEncoding = 4; lastKnownFileType = sourcecode.c.h; path = WQBaseUIComponents.h; sourceTree = "<group>"; };
		DE52C9601ED8005200FDE643 /* WQBaseUIDemo.app */ = {isa = PBXFileReference; explicitFileType = wrapper.application; includeInIndex = 0; path = WQBaseUIDemo.app; sourceTree = BUILT_PRODUCTS_DIR; };
		DE52C9641ED8005200FDE643 /* main.m */ = {isa = PBXFileReference; lastKnownFileType = sourcecode.c.objc; path = main.m; sourceTree = "<group>"; };
		DE52C9661ED8005200FDE643 /* AppDelegate.h */ = {isa = PBXFileReference; lastKnownFileType = sourcecode.c.h; path = AppDelegate.h; sourceTree = "<group>"; };
		DE52C9671ED8005200FDE643 /* AppDelegate.m */ = {isa = PBXFileReference; lastKnownFileType = sourcecode.c.objc; path = AppDelegate.m; sourceTree = "<group>"; };
		DE52C9691ED8005200FDE643 /* ViewController.h */ = {isa = PBXFileReference; lastKnownFileType = sourcecode.c.h; path = ViewController.h; sourceTree = "<group>"; };
		DE52C96A1ED8005200FDE643 /* ViewController.m */ = {isa = PBXFileReference; lastKnownFileType = sourcecode.c.objc; path = ViewController.m; sourceTree = "<group>"; };
		DE52C96D1ED8005200FDE643 /* Base */ = {isa = PBXFileReference; lastKnownFileType = file.storyboard; name = Base; path = Base.lproj/Main.storyboard; sourceTree = "<group>"; };
		DE52C9701ED8005200FDE643 /* WQBaseUIDemo.xcdatamodel */ = {isa = PBXFileReference; lastKnownFileType = wrapper.xcdatamodel; path = WQBaseUIDemo.xcdatamodel; sourceTree = "<group>"; };
		DE52C9721ED8005200FDE643 /* Assets.xcassets */ = {isa = PBXFileReference; lastKnownFileType = folder.assetcatalog; path = Assets.xcassets; sourceTree = "<group>"; };
		DE52C9751ED8005200FDE643 /* Base */ = {isa = PBXFileReference; lastKnownFileType = file.storyboard; name = Base; path = Base.lproj/LaunchScreen.storyboard; sourceTree = "<group>"; };
		DE52C9771ED8005200FDE643 /* Info.plist */ = {isa = PBXFileReference; lastKnownFileType = text.plist.xml; path = Info.plist; sourceTree = "<group>"; };
		DE52C9801ED8019600FDE643 /* ZHAnimationView.h */ = {isa = PBXFileReference; fileEncoding = 4; lastKnownFileType = sourcecode.c.h; path = ZHAnimationView.h; sourceTree = "<group>"; };
		DE52C9811ED8019600FDE643 /* ZHAnimationView.m */ = {isa = PBXFileReference; fileEncoding = 4; lastKnownFileType = sourcecode.c.objc; path = ZHAnimationView.m; sourceTree = "<group>"; };
		DE52C9841ED8019600FDE643 /* WQCommonArrowItem.h */ = {isa = PBXFileReference; fileEncoding = 4; lastKnownFileType = sourcecode.c.h; path = WQCommonArrowItem.h; sourceTree = "<group>"; };
		DE52C9851ED8019600FDE643 /* WQCommonArrowItem.m */ = {isa = PBXFileReference; fileEncoding = 4; lastKnownFileType = sourcecode.c.objc; path = WQCommonArrowItem.m; sourceTree = "<group>"; };
		DE52C9861ED8019600FDE643 /* WQCommonBaseItem.h */ = {isa = PBXFileReference; fileEncoding = 4; lastKnownFileType = sourcecode.c.h; path = WQCommonBaseItem.h; sourceTree = "<group>"; };
		DE52C9871ED8019600FDE643 /* WQCommonBaseItem.m */ = {isa = PBXFileReference; fileEncoding = 4; lastKnownFileType = sourcecode.c.objc; path = WQCommonBaseItem.m; sourceTree = "<group>"; };
		DE52C9881ED8019600FDE643 /* WQCommonCenterItem.h */ = {isa = PBXFileReference; fileEncoding = 4; lastKnownFileType = sourcecode.c.h; path = WQCommonCenterItem.h; sourceTree = "<group>"; };
		DE52C9891ED8019600FDE643 /* WQCommonCenterItem.m */ = {isa = PBXFileReference; fileEncoding = 4; lastKnownFileType = sourcecode.c.objc; path = WQCommonCenterItem.m; sourceTree = "<group>"; };
		DE52C98A1ED8019600FDE643 /* WQCommonCustomItem.h */ = {isa = PBXFileReference; fileEncoding = 4; lastKnownFileType = sourcecode.c.h; path = WQCommonCustomItem.h; sourceTree = "<group>"; };
		DE52C98B1ED8019600FDE643 /* WQCommonCustomItem.m */ = {isa = PBXFileReference; fileEncoding = 4; lastKnownFileType = sourcecode.c.objc; path = WQCommonCustomItem.m; sourceTree = "<group>"; };
		DE52C98C1ED8019600FDE643 /* WQCommonGroup.h */ = {isa = PBXFileReference; fileEncoding = 4; lastKnownFileType = sourcecode.c.h; path = WQCommonGroup.h; sourceTree = "<group>"; };
		DE52C98D1ED8019600FDE643 /* WQCommonGroup.m */ = {isa = PBXFileReference; fileEncoding = 4; lastKnownFileType = sourcecode.c.objc; path = WQCommonGroup.m; sourceTree = "<group>"; };
		DE52C98E1ED8019600FDE643 /* WQCommonSubtitleItem.h */ = {isa = PBXFileReference; fileEncoding = 4; lastKnownFileType = sourcecode.c.h; path = WQCommonSubtitleItem.h; sourceTree = "<group>"; };
		DE52C98F1ED8019600FDE643 /* WQCommonSubtitleItem.m */ = {isa = PBXFileReference; fileEncoding = 4; lastKnownFileType = sourcecode.c.objc; path = WQCommonSubtitleItem.m; sourceTree = "<group>"; };
		DE52C9901ED8019600FDE643 /* WQCommonSwitchItem.h */ = {isa = PBXFileReference; fileEncoding = 4; lastKnownFileType = sourcecode.c.h; path = WQCommonSwitchItem.h; sourceTree = "<group>"; };
		DE52C9911ED8019600FDE643 /* WQCommonSwitchItem.m */ = {isa = PBXFileReference; fileEncoding = 4; lastKnownFileType = sourcecode.c.objc; path = WQCommonSwitchItem.m; sourceTree = "<group>"; };
		DE52C9931ED8019600FDE643 /* WQCommonBaseCell.h */ = {isa = PBXFileReference; fileEncoding = 4; lastKnownFileType = sourcecode.c.h; path = WQCommonBaseCell.h; sourceTree = "<group>"; };
		DE52C9941ED8019600FDE643 /* WQCommonBaseCell.m */ = {isa = PBXFileReference; fileEncoding = 4; lastKnownFileType = sourcecode.c.objc; path = WQCommonBaseCell.m; sourceTree = "<group>"; };
		DE52C9961ED8019600FDE643 /* WQCommonBaseTableController.h */ = {isa = PBXFileReference; fileEncoding = 4; lastKnownFileType = sourcecode.c.h; path = WQCommonBaseTableController.h; sourceTree = "<group>"; };
		DE52C9971ED8019600FDE643 /* WQCommonBaseTableController.m */ = {isa = PBXFileReference; fileEncoding = 4; lastKnownFileType = sourcecode.c.objc; path = WQCommonBaseTableController.m; sourceTree = "<group>"; };
		DE52C9991ED8019600FDE643 /* WQCommonCellProtocol.h */ = {isa = PBXFileReference; fileEncoding = 4; lastKnownFileType = sourcecode.c.h; path = WQCommonCellProtocol.h; sourceTree = "<group>"; };
		DE52C99A1ED8019600FDE643 /* WQCommonDataResource.h */ = {isa = PBXFileReference; fileEncoding = 4; lastKnownFileType = sourcecode.c.h; path = WQCommonDataResource.h; sourceTree = "<group>"; };
		DE52C99B1ED8019600FDE643 /* WQCommonDataResource.m */ = {isa = PBXFileReference; fileEncoding = 4; lastKnownFileType = sourcecode.c.objc; path = WQCommonDataResource.m; sourceTree = "<group>"; };
		DE52C99E1ED8019600FDE643 /* WQStarContainerView.h */ = {isa = PBXFileReference; fileEncoding = 4; lastKnownFileType = sourcecode.c.h; path = WQStarContainerView.h; sourceTree = "<group>"; };
		DE52C99F1ED8019600FDE643 /* WQStarContainerView.m */ = {isa = PBXFileReference; fileEncoding = 4; lastKnownFileType = sourcecode.c.objc; path = WQStarContainerView.m; sourceTree = "<group>"; };
		DE52C9A01ED8019600FDE643 /* WQStarLevel.h */ = {isa = PBXFileReference; fileEncoding = 4; lastKnownFileType = sourcecode.c.h; path = WQStarLevel.h; sourceTree = "<group>"; };
		DE52C9A11ED8019600FDE643 /* WQStarLevel.m */ = {isa = PBXFileReference; fileEncoding = 4; lastKnownFileType = sourcecode.c.objc; path = WQStarLevel.m; sourceTree = "<group>"; };
		DE52C9A31ED8019600FDE643 /* WQEdgeTitleButton.h */ = {isa = PBXFileReference; fileEncoding = 4; lastKnownFileType = sourcecode.c.h; path = WQEdgeTitleButton.h; sourceTree = "<group>"; };
		DE52C9A41ED8019600FDE643 /* WQEdgeTitleButton.m */ = {isa = PBXFileReference; fileEncoding = 4; lastKnownFileType = sourcecode.c.objc; path = WQEdgeTitleButton.m; sourceTree = "<group>"; };
		DE52C9A51ED8019600FDE643 /* WQStepNumberView.h */ = {isa = PBXFileReference; fileEncoding = 4; lastKnownFileType = sourcecode.c.h; path = WQStepNumberView.h; sourceTree = "<group>"; };
		DE52C9A61ED8019600FDE643 /* WQStepNumberView.m */ = {isa = PBXFileReference; fileEncoding = 4; lastKnownFileType = sourcecode.c.objc; path = WQStepNumberView.m; sourceTree = "<group>"; };
		DE52C9A71ED8019600FDE643 /* WQTextView.h */ = {isa = PBXFileReference; fileEncoding = 4; lastKnownFileType = sourcecode.c.h; path = WQTextView.h; sourceTree = "<group>"; };
		DE52C9A81ED8019600FDE643 /* WQTextView.m */ = {isa = PBXFileReference; fileEncoding = 4; lastKnownFileType = sourcecode.c.objc; path = WQTextView.m; sourceTree = "<group>"; };
		DE52C9A91ED8019600FDE643 /* WQTipTextField.h */ = {isa = PBXFileReference; fileEncoding = 4; lastKnownFileType = sourcecode.c.h; path = WQTipTextField.h; sourceTree = "<group>"; };
		DE52C9AA1ED8019600FDE643 /* WQTipTextField.m */ = {isa = PBXFileReference; fileEncoding = 4; lastKnownFileType = sourcecode.c.objc; path = WQTipTextField.m; sourceTree = "<group>"; };
		DE52C9D31ED804C800FDE643 /* WQAPPHELP.h */ = {isa = PBXFileReference; fileEncoding = 4; lastKnownFileType = sourcecode.c.h; path = WQAPPHELP.h; sourceTree = "<group>"; };
		DE52C9D41ED804C800FDE643 /* WQAPPHELP.m */ = {isa = PBXFileReference; fileEncoding = 4; lastKnownFileType = sourcecode.c.objc; path = WQAPPHELP.m; sourceTree = "<group>"; };
		DE52C9D51ED804C800FDE643 /* WQBroserController.h */ = {isa = PBXFileReference; fileEncoding = 4; lastKnownFileType = sourcecode.c.h; path = WQBroserController.h; sourceTree = "<group>"; };
		DE52C9D61ED804C800FDE643 /* WQBroserController.m */ = {isa = PBXFileReference; fileEncoding = 4; lastKnownFileType = sourcecode.c.objc; path = WQBroserController.m; sourceTree = "<group>"; };
		DE52C9D81ED804C800FDE643 /* WQKeyboardAdjustHelp.h */ = {isa = PBXFileReference; fileEncoding = 4; lastKnownFileType = sourcecode.c.h; path = WQKeyboardAdjustHelp.h; sourceTree = "<group>"; };
		DE52C9D91ED804C800FDE643 /* WQKeyboardAdjustHelp.m */ = {isa = PBXFileReference; fileEncoding = 4; lastKnownFileType = sourcecode.c.objc; path = WQKeyboardAdjustHelp.m; sourceTree = "<group>"; };
		DE52C9DB1ED804C800FDE643 /* WQControllerTransition.h */ = {isa = PBXFileReference; fileEncoding = 4; lastKnownFileType = sourcecode.c.h; path = WQControllerTransition.h; sourceTree = "<group>"; };
		DE52C9DC1ED804C800FDE643 /* WQControllerTransition.m */ = {isa = PBXFileReference; fileEncoding = 4; lastKnownFileType = sourcecode.c.objc; path = WQControllerTransition.m; sourceTree = "<group>"; };
		DE52C9DD1ED804C800FDE643 /* WQPopoverPresentationController.h */ = {isa = PBXFileReference; fileEncoding = 4; lastKnownFileType = sourcecode.c.h; path = WQPopoverPresentationController.h; sourceTree = "<group>"; };
		DE52C9DE1ED804C800FDE643 /* WQPopoverPresentationController.m */ = {isa = PBXFileReference; fileEncoding = 4; lastKnownFileType = sourcecode.c.objc; path = WQPopoverPresentationController.m; sourceTree = "<group>"; };
		DE52C9DF1ED804C800FDE643 /* WQPresentationController.h */ = {isa = PBXFileReference; fileEncoding = 4; lastKnownFileType = sourcecode.c.h; path = WQPresentationController.h; sourceTree = "<group>"; };
		DE52C9E01ED804C800FDE643 /* WQPresentationController.m */ = {isa = PBXFileReference; fileEncoding = 4; lastKnownFileType = sourcecode.c.objc; path = WQPresentationController.m; sourceTree = "<group>"; };
		DE5387D81EE809C000FDBE8C /* MBProgressHUD.bundle */ = {isa = PBXFileReference; lastKnownFileType = "wrapper.plug-in"; path = MBProgressHUD.bundle; sourceTree = "<group>"; };
		DE6729481EE68A18000D9C45 /* WQHUD.h */ = {isa = PBXFileReference; fileEncoding = 4; lastKnownFileType = sourcecode.c.h; path = WQHUD.h; sourceTree = "<group>"; };
		DE6729491EE68A18000D9C45 /* WQHUD.m */ = {isa = PBXFileReference; fileEncoding = 4; lastKnownFileType = sourcecode.c.objc; path = WQHUD.m; sourceTree = "<group>"; };
		DEFBEC3D1EE8ED9B006FDADC /* Colours.h */ = {isa = PBXFileReference; fileEncoding = 4; lastKnownFileType = sourcecode.c.h; path = Colours.h; sourceTree = "<group>"; };
		DEFBEC3E1EE8ED9B006FDADC /* Colours.m */ = {isa = PBXFileReference; fileEncoding = 4; lastKnownFileType = sourcecode.c.objc; path = Colours.m; sourceTree = "<group>"; };
		DEFBEC3F1EE8ED9B006FDADC /* UIBarButtonItem+Badge.h */ = {isa = PBXFileReference; fileEncoding = 4; lastKnownFileType = sourcecode.c.h; path = "UIBarButtonItem+Badge.h"; sourceTree = "<group>"; };
		DEFBEC401EE8ED9B006FDADC /* UIBarButtonItem+Badge.m */ = {isa = PBXFileReference; fileEncoding = 4; lastKnownFileType = sourcecode.c.objc; path = "UIBarButtonItem+Badge.m"; sourceTree = "<group>"; };
		DEFBEC411EE8ED9B006FDADC /* UIButton+countDown.h */ = {isa = PBXFileReference; fileEncoding = 4; lastKnownFileType = sourcecode.c.h; path = "UIButton+countDown.h"; sourceTree = "<group>"; };
		DEFBEC421EE8ED9B006FDADC /* UIButton+countDown.m */ = {isa = PBXFileReference; fileEncoding = 4; lastKnownFileType = sourcecode.c.objc; path = "UIButton+countDown.m"; sourceTree = "<group>"; };
		DEFBEC431EE8ED9B006FDADC /* UIGestureRecognizer+Block.h */ = {isa = PBXFileReference; fileEncoding = 4; lastKnownFileType = sourcecode.c.h; path = "UIGestureRecognizer+Block.h"; sourceTree = "<group>"; };
		DEFBEC441EE8ED9B006FDADC /* UIGestureRecognizer+Block.m */ = {isa = PBXFileReference; fileEncoding = 4; lastKnownFileType = sourcecode.c.objc; path = "UIGestureRecognizer+Block.m"; sourceTree = "<group>"; };
		DEFBEC511EE8EE36006FDADC /* UIBarButtonItem+WQInitHelp.h */ = {isa = PBXFileReference; fileEncoding = 4; lastKnownFileType = sourcecode.c.h; path = "UIBarButtonItem+WQInitHelp.h"; sourceTree = "<group>"; };
		DEFBEC521EE8EE36006FDADC /* UIBarButtonItem+WQInitHelp.m */ = {isa = PBXFileReference; fileEncoding = 4; lastKnownFileType = sourcecode.c.objc; path = "UIBarButtonItem+WQInitHelp.m"; sourceTree = "<group>"; };
		DEFBEC531EE8EE36006FDADC /* UIColor+WQColor.h */ = {isa = PBXFileReference; fileEncoding = 4; lastKnownFileType = sourcecode.c.h; path = "UIColor+WQColor.h"; sourceTree = "<group>"; };
		DEFBEC541EE8EE36006FDADC /* UIColor+WQColor.m */ = {isa = PBXFileReference; fileEncoding = 4; lastKnownFileType = sourcecode.c.objc; path = "UIColor+WQColor.m"; sourceTree = "<group>"; };
		DEFBEC551EE8EE36006FDADC /* UIImage+WQHelp.h */ = {isa = PBXFileReference; fileEncoding = 4; lastKnownFileType = sourcecode.c.h; path = "UIImage+WQHelp.h"; sourceTree = "<group>"; };
		DEFBEC561EE8EE36006FDADC /* UIImage+WQHelp.m */ = {isa = PBXFileReference; fileEncoding = 4; lastKnownFileType = sourcecode.c.objc; path = "UIImage+WQHelp.m"; sourceTree = "<group>"; };
		DEFBEC571EE8EE36006FDADC /* UIImageView+WQAnimation.h */ = {isa = PBXFileReference; fileEncoding = 4; lastKnownFileType = sourcecode.c.h; path = "UIImageView+WQAnimation.h"; sourceTree = "<group>"; };
		DEFBEC581EE8EE36006FDADC /* UIImageView+WQAnimation.m */ = {isa = PBXFileReference; fileEncoding = 4; lastKnownFileType = sourcecode.c.objc; path = "UIImageView+WQAnimation.m"; sourceTree = "<group>"; };
		DEFBEC591EE8EE36006FDADC /* UIView+WQLayout.h */ = {isa = PBXFileReference; fileEncoding = 4; lastKnownFileType = sourcecode.c.h; path = "UIView+WQLayout.h"; sourceTree = "<group>"; };
		DEFBEC5A1EE8EE36006FDADC /* UIView+WQLayout.m */ = {isa = PBXFileReference; fileEncoding = 4; lastKnownFileType = sourcecode.c.objc; path = "UIView+WQLayout.m"; sourceTree = "<group>"; };
/* End PBXFileReference section */

/* Begin PBXFrameworksBuildPhase section */
		DE52C95D1ED8005200FDE643 /* Frameworks */ = {
			isa = PBXFrameworksBuildPhase;
			buildActionMask = 2147483647;
			files = (
				7FEC3802ECA5AB44ED030086 /* libPods-WQBaseUIDemo.a in Frameworks */,
			);
			runOnlyForDeploymentPostprocessing = 0;
		};
/* End PBXFrameworksBuildPhase section */

/* Begin PBXGroup section */
		8283E75A87DAE86D2DBFBDD0 /* Frameworks */ = {
			isa = PBXGroup;
			children = (
				4206F76108FE8DCD190650FF /* libPods-WQBaseUIDemo.a */,
			);
			name = Frameworks;
			sourceTree = "<group>";
		};
		D75FA004301E1FEBBD0F3C2C /* Pods */ = {
			isa = PBXGroup;
			children = (
				3878E90AA25713C18017F98C /* Pods-WQBaseUIDemo.debug.xcconfig */,
				7F355AF01F0123EB3911390B /* Pods-WQBaseUIDemo.release.xcconfig */,
			);
			name = Pods;
			sourceTree = "<group>";
		};
		DE4F88C21EE297C200C33ABA /* SelectionTabBar */ = {
			isa = PBXGroup;
			children = (
			);
			path = SelectionTabBar;
			sourceTree = "<group>";
		};
		DE52C9571ED8005200FDE643 = {
			isa = PBXGroup;
			children = (
				DE52C97D1ED8019500FDE643 /* WQBaseUIComponents */,
				DE52C9621ED8005200FDE643 /* WQBaseUIDemo */,
				DE52C9611ED8005200FDE643 /* Products */,
				D75FA004301E1FEBBD0F3C2C /* Pods */,
				8283E75A87DAE86D2DBFBDD0 /* Frameworks */,
			);
			sourceTree = "<group>";
		};
		DE52C9611ED8005200FDE643 /* Products */ = {
			isa = PBXGroup;
			children = (
				DE52C9601ED8005200FDE643 /* WQBaseUIDemo.app */,
			);
			name = Products;
			sourceTree = "<group>";
		};
		DE52C9621ED8005200FDE643 /* WQBaseUIDemo */ = {
			isa = PBXGroup;
			children = (
				DE52C9661ED8005200FDE643 /* AppDelegate.h */,
				DE52C9671ED8005200FDE643 /* AppDelegate.m */,
				DE52C9691ED8005200FDE643 /* ViewController.h */,
				DE52C96A1ED8005200FDE643 /* ViewController.m */,
				DE52C96C1ED8005200FDE643 /* Main.storyboard */,
				DE52C9721ED8005200FDE643 /* Assets.xcassets */,
				DE52C9741ED8005200FDE643 /* LaunchScreen.storyboard */,
				DE52C9771ED8005200FDE643 /* Info.plist */,
				DE52C96F1ED8005200FDE643 /* WQBaseUIDemo.xcdatamodeld */,
				DE52C9631ED8005200FDE643 /* Supporting Files */,
			);
			path = WQBaseUIDemo;
			sourceTree = "<group>";
		};
		DE52C9631ED8005200FDE643 /* Supporting Files */ = {
			isa = PBXGroup;
			children = (
				DE52C9641ED8005200FDE643 /* main.m */,
			);
			name = "Supporting Files";
			sourceTree = "<group>";
		};
		DE52C97D1ED8019500FDE643 /* WQBaseUIComponents */ = {
			isa = PBXGroup;
			children = (
				DE52C97E1ED8019500FDE643 /* AnmationViews */,
				DE52C9821ED8019600FDE643 /* CommonTableView */,
				DEFBEC301EE8ED9B006FDADC /* UICategory */,
				DE6729471EE689E4000D9C45 /* UILoading */,
				DE52C99C1ED8019600FDE643 /* UICustom */,
				DE52C9B31ED8019600FDE643 /* UIHelp */,
				DE4F88C71EE29AE900C33ABA /* WQBaseUIComponents.h */,
			);
			path = WQBaseUIComponents;
			sourceTree = "<group>";
		};
		DE52C97E1ED8019500FDE643 /* AnmationViews */ = {
			isa = PBXGroup;
			children = (
				DE52C97F1ED8019600FDE643 /* Animation */,
			);
			path = AnmationViews;
			sourceTree = "<group>";
		};
		DE52C97F1ED8019600FDE643 /* Animation */ = {
			isa = PBXGroup;
			children = (
				DE52C9801ED8019600FDE643 /* ZHAnimationView.h */,
				DE52C9811ED8019600FDE643 /* ZHAnimationView.m */,
			);
			path = Animation;
			sourceTree = "<group>";
		};
		DE52C9821ED8019600FDE643 /* CommonTableView */ = {
			isa = PBXGroup;
			children = (
				DE52C9831ED8019600FDE643 /* Model */,
				DE52C9921ED8019600FDE643 /* View */,
				DE52C9951ED8019600FDE643 /* ViewController */,
				DE52C9981ED8019600FDE643 /* ViewModel */,
			);
			path = CommonTableView;
			sourceTree = "<group>";
		};
		DE52C9831ED8019600FDE643 /* Model */ = {
			isa = PBXGroup;
			children = (
				DE52C9841ED8019600FDE643 /* WQCommonArrowItem.h */,
				DE52C9851ED8019600FDE643 /* WQCommonArrowItem.m */,
				DE52C9861ED8019600FDE643 /* WQCommonBaseItem.h */,
				DE52C9871ED8019600FDE643 /* WQCommonBaseItem.m */,
				DE52C9881ED8019600FDE643 /* WQCommonCenterItem.h */,
				DE52C9891ED8019600FDE643 /* WQCommonCenterItem.m */,
				DE52C98A1ED8019600FDE643 /* WQCommonCustomItem.h */,
				DE52C98B1ED8019600FDE643 /* WQCommonCustomItem.m */,
				DE52C98C1ED8019600FDE643 /* WQCommonGroup.h */,
				DE52C98D1ED8019600FDE643 /* WQCommonGroup.m */,
				DE52C98E1ED8019600FDE643 /* WQCommonSubtitleItem.h */,
				DE52C98F1ED8019600FDE643 /* WQCommonSubtitleItem.m */,
				DE52C9901ED8019600FDE643 /* WQCommonSwitchItem.h */,
				DE52C9911ED8019600FDE643 /* WQCommonSwitchItem.m */,
			);
			path = Model;
			sourceTree = "<group>";
		};
		DE52C9921ED8019600FDE643 /* View */ = {
			isa = PBXGroup;
			children = (
				DE52C9931ED8019600FDE643 /* WQCommonBaseCell.h */,
				DE52C9941ED8019600FDE643 /* WQCommonBaseCell.m */,
			);
			path = View;
			sourceTree = "<group>";
		};
		DE52C9951ED8019600FDE643 /* ViewController */ = {
			isa = PBXGroup;
			children = (
				DE52C9961ED8019600FDE643 /* WQCommonBaseTableController.h */,
				DE52C9971ED8019600FDE643 /* WQCommonBaseTableController.m */,
			);
			path = ViewController;
			sourceTree = "<group>";
		};
		DE52C9981ED8019600FDE643 /* ViewModel */ = {
			isa = PBXGroup;
			children = (
				DE52C9991ED8019600FDE643 /* WQCommonCellProtocol.h */,
				DE52C99A1ED8019600FDE643 /* WQCommonDataResource.h */,
				DE52C99B1ED8019600FDE643 /* WQCommonDataResource.m */,
			);
			path = ViewModel;
			sourceTree = "<group>";
		};
		DE52C99C1ED8019600FDE643 /* UICustom */ = {
			isa = PBXGroup;
			children = (
				DE4F88C21EE297C200C33ABA /* SelectionTabBar */,
				DE52C99D1ED8019600FDE643 /* StarView */,
				DE52C9A21ED8019600FDE643 /* ViewCustom */,
			);
			path = UICustom;
			sourceTree = "<group>";
		};
		DE52C99D1ED8019600FDE643 /* StarView */ = {
			isa = PBXGroup;
			children = (
				DE52C99E1ED8019600FDE643 /* WQStarContainerView.h */,
				DE52C99F1ED8019600FDE643 /* WQStarContainerView.m */,
				DE52C9A01ED8019600FDE643 /* WQStarLevel.h */,
				DE52C9A11ED8019600FDE643 /* WQStarLevel.m */,
			);
			path = StarView;
			sourceTree = "<group>";
		};
		DE52C9A21ED8019600FDE643 /* ViewCustom */ = {
			isa = PBXGroup;
			children = (
				DE52C9A31ED8019600FDE643 /* WQEdgeTitleButton.h */,
				DE52C9A41ED8019600FDE643 /* WQEdgeTitleButton.m */,
				DE52C9A51ED8019600FDE643 /* WQStepNumberView.h */,
				DE52C9A61ED8019600FDE643 /* WQStepNumberView.m */,
				DE52C9A71ED8019600FDE643 /* WQTextView.h */,
				DE52C9A81ED8019600FDE643 /* WQTextView.m */,
				DE52C9A91ED8019600FDE643 /* WQTipTextField.h */,
				DE52C9AA1ED8019600FDE643 /* WQTipTextField.m */,
			);
			path = ViewCustom;
			sourceTree = "<group>";
		};
		DE52C9B31ED8019600FDE643 /* UIHelp */ = {
			isa = PBXGroup;
			children = (
				DE52C9D21ED804C800FDE643 /* UIFounctionHelp */,
				DE52C9DA1ED804C800FDE643 /* UITransitionHelp */,
			);
			path = UIHelp;
			sourceTree = "<group>";
		};
		DE52C9D21ED804C800FDE643 /* UIFounctionHelp */ = {
			isa = PBXGroup;
			children = (
				DE52C9D31ED804C800FDE643 /* WQAPPHELP.h */,
				DE52C9D41ED804C800FDE643 /* WQAPPHELP.m */,
				DE52C9D51ED804C800FDE643 /* WQBroserController.h */,
				DE52C9D61ED804C800FDE643 /* WQBroserController.m */,
				DE52C9D81ED804C800FDE643 /* WQKeyboardAdjustHelp.h */,
				DE52C9D91ED804C800FDE643 /* WQKeyboardAdjustHelp.m */,
				DE4F88C31EE2984A00C33ABA /* WQUtils.h */,
				DE4F88C41EE2984A00C33ABA /* WQUtils.m */,
			);
			path = UIFounctionHelp;
			sourceTree = "<group>";
		};
		DE52C9DA1ED804C800FDE643 /* UITransitionHelp */ = {
			isa = PBXGroup;
			children = (
				DE52C9DB1ED804C800FDE643 /* WQControllerTransition.h */,
				DE52C9DC1ED804C800FDE643 /* WQControllerTransition.m */,
				DE52C9DD1ED804C800FDE643 /* WQPopoverPresentationController.h */,
				DE52C9DE1ED804C800FDE643 /* WQPopoverPresentationController.m */,
				DE52C9DF1ED804C800FDE643 /* WQPresentationController.h */,
				DE52C9E01ED804C800FDE643 /* WQPresentationController.m */,
			);
			path = UITransitionHelp;
			sourceTree = "<group>";
		};
		DE6729471EE689E4000D9C45 /* UILoading */ = {
			isa = PBXGroup;
			children = (
				DE5387D81EE809C000FDBE8C /* MBProgressHUD.bundle */,
				DE6729481EE68A18000D9C45 /* WQHUD.h */,
				DE6729491EE68A18000D9C45 /* WQHUD.m */,
			);
			path = UILoading;
			sourceTree = "<group>";
		};
		DEFBEC301EE8ED9B006FDADC /* UICategory */ = {
			isa = PBXGroup;
			children = (
				DEFBEC501EE8EE36006FDADC /* UICategory_UIKit */,
				DEFBEC3C1EE8ED9B006FDADC /* UICategory_Vendor */,
			);
			path = UICategory;
			sourceTree = "<group>";
		};
		DEFBEC3C1EE8ED9B006FDADC /* UICategory_Vendor */ = {
			isa = PBXGroup;
			children = (
				DEFBEC3D1EE8ED9B006FDADC /* Colours.h */,
				DEFBEC3E1EE8ED9B006FDADC /* Colours.m */,
				DEFBEC3F1EE8ED9B006FDADC /* UIBarButtonItem+Badge.h */,
				DEFBEC401EE8ED9B006FDADC /* UIBarButtonItem+Badge.m */,
				DEFBEC411EE8ED9B006FDADC /* UIButton+countDown.h */,
				DEFBEC421EE8ED9B006FDADC /* UIButton+countDown.m */,
				DEFBEC431EE8ED9B006FDADC /* UIGestureRecognizer+Block.h */,
				DEFBEC441EE8ED9B006FDADC /* UIGestureRecognizer+Block.m */,
			);
			path = UICategory_Vendor;
			sourceTree = "<group>";
		};
		DEFBEC501EE8EE36006FDADC /* UICategory_UIKit */ = {
			isa = PBXGroup;
			children = (
				DEFBEC511EE8EE36006FDADC /* UIBarButtonItem+WQInitHelp.h */,
				DEFBEC521EE8EE36006FDADC /* UIBarButtonItem+WQInitHelp.m */,
				DEFBEC531EE8EE36006FDADC /* UIColor+WQColor.h */,
				DEFBEC541EE8EE36006FDADC /* UIColor+WQColor.m */,
				DEFBEC551EE8EE36006FDADC /* UIImage+WQHelp.h */,
				DEFBEC561EE8EE36006FDADC /* UIImage+WQHelp.m */,
				DEFBEC571EE8EE36006FDADC /* UIImageView+WQAnimation.h */,
				DEFBEC581EE8EE36006FDADC /* UIImageView+WQAnimation.m */,
				DEFBEC591EE8EE36006FDADC /* UIView+WQLayout.h */,
				DEFBEC5A1EE8EE36006FDADC /* UIView+WQLayout.m */,
			);
			path = UICategory_UIKit;
			sourceTree = "<group>";
		};
/* End PBXGroup section */

/* Begin PBXNativeTarget section */
		DE52C95F1ED8005200FDE643 /* WQBaseUIDemo */ = {
			isa = PBXNativeTarget;
			buildConfigurationList = DE52C97A1ED8005200FDE643 /* Build configuration list for PBXNativeTarget "WQBaseUIDemo" */;
			buildPhases = (
				6ED9CE2C773CE30C17BB7660 /* [CP] Check Pods Manifest.lock */,
				DE52C95C1ED8005200FDE643 /* Sources */,
				DE52C95D1ED8005200FDE643 /* Frameworks */,
				DE52C95E1ED8005200FDE643 /* Resources */,
				91256382283C39ABAC737B96 /* [CP] Embed Pods Frameworks */,
				219E2D398D2581BDF2DB18DD /* [CP] Copy Pods Resources */,
			);
			buildRules = (
			);
			dependencies = (
			);
			name = WQBaseUIDemo;
			productName = WQBaseUIDemo;
			productReference = DE52C9601ED8005200FDE643 /* WQBaseUIDemo.app */;
			productType = "com.apple.product-type.application";
		};
/* End PBXNativeTarget section */

/* Begin PBXProject section */
		DE52C9581ED8005200FDE643 /* Project object */ = {
			isa = PBXProject;
			attributes = {
				LastUpgradeCheck = 0830;
				ORGANIZATIONNAME = WQMapKit;
				TargetAttributes = {
					DE52C95F1ED8005200FDE643 = {
						CreatedOnToolsVersion = 8.3.2;
						ProvisioningStyle = Automatic;
					};
				};
			};
			buildConfigurationList = DE52C95B1ED8005200FDE643 /* Build configuration list for PBXProject "WQBaseUIDemo" */;
			compatibilityVersion = "Xcode 3.2";
			developmentRegion = English;
			hasScannedForEncodings = 0;
			knownRegions = (
				en,
				Base,
			);
			mainGroup = DE52C9571ED8005200FDE643;
			productRefGroup = DE52C9611ED8005200FDE643 /* Products */;
			projectDirPath = "";
			projectRoot = "";
			targets = (
				DE52C95F1ED8005200FDE643 /* WQBaseUIDemo */,
			);
		};
/* End PBXProject section */

/* Begin PBXResourcesBuildPhase section */
		DE52C95E1ED8005200FDE643 /* Resources */ = {
			isa = PBXResourcesBuildPhase;
			buildActionMask = 2147483647;
			files = (
				DE52C9761ED8005200FDE643 /* LaunchScreen.storyboard in Resources */,
				DE5387D91EE809C000FDBE8C /* MBProgressHUD.bundle in Resources */,
				DE52C9731ED8005200FDE643 /* Assets.xcassets in Resources */,
				DE52C96E1ED8005200FDE643 /* Main.storyboard in Resources */,
			);
			runOnlyForDeploymentPostprocessing = 0;
		};
/* End PBXResourcesBuildPhase section */

/* Begin PBXShellScriptBuildPhase section */
		219E2D398D2581BDF2DB18DD /* [CP] Copy Pods Resources */ = {
			isa = PBXShellScriptBuildPhase;
			buildActionMask = 2147483647;
			files = (
			);
			inputPaths = (
			);
			name = "[CP] Copy Pods Resources";
			outputPaths = (
			);
			runOnlyForDeploymentPostprocessing = 0;
			shellPath = /bin/sh;
			shellScript = "\"${SRCROOT}/Pods/Target Support Files/Pods-WQBaseUIDemo/Pods-WQBaseUIDemo-resources.sh\"\n";
			showEnvVarsInLog = 0;
		};
		6ED9CE2C773CE30C17BB7660 /* [CP] Check Pods Manifest.lock */ = {
			isa = PBXShellScriptBuildPhase;
			buildActionMask = 2147483647;
			files = (
			);
			inputPaths = (
			);
			name = "[CP] Check Pods Manifest.lock";
			outputPaths = (
			);
			runOnlyForDeploymentPostprocessing = 0;
			shellPath = /bin/sh;
			shellScript = "diff \"${PODS_PODFILE_DIR_PATH}/Podfile.lock\" \"${PODS_ROOT}/Manifest.lock\" > /dev/null\nif [ $? != 0 ] ; then\n    # print error to STDERR\n    echo \"error: The sandbox is not in sync with the Podfile.lock. Run 'pod install' or update your CocoaPods installation.\" >&2\n    exit 1\nfi\n";
			showEnvVarsInLog = 0;
		};
		91256382283C39ABAC737B96 /* [CP] Embed Pods Frameworks */ = {
			isa = PBXShellScriptBuildPhase;
			buildActionMask = 2147483647;
			files = (
			);
			inputPaths = (
			);
			name = "[CP] Embed Pods Frameworks";
			outputPaths = (
			);
			runOnlyForDeploymentPostprocessing = 0;
			shellPath = /bin/sh;
			shellScript = "\"${SRCROOT}/Pods/Target Support Files/Pods-WQBaseUIDemo/Pods-WQBaseUIDemo-frameworks.sh\"\n";
			showEnvVarsInLog = 0;
		};
/* End PBXShellScriptBuildPhase section */

/* Begin PBXSourcesBuildPhase section */
		DE52C95C1ED8005200FDE643 /* Sources */ = {
			isa = PBXSourcesBuildPhase;
			buildActionMask = 2147483647;
			files = (
				DEFBEC5C1EE8EE36006FDADC /* UIColor+WQColor.m in Sources */,
				DE52C9C51ED8019600FDE643 /* WQStarContainerView.m in Sources */,
				DEFBEC5B1EE8EE36006FDADC /* UIBarButtonItem+WQInitHelp.m in Sources */,
				DE52C9C61ED8019600FDE643 /* WQStarLevel.m in Sources */,
				DE52C9CA1ED8019600FDE643 /* WQTipTextField.m in Sources */,
				DE52C9C31ED8019600FDE643 /* WQCommonBaseTableController.m in Sources */,
				DE52C9C91ED8019600FDE643 /* WQTextView.m in Sources */,
				DEFBEC4B1EE8ED9B006FDADC /* UIBarButtonItem+Badge.m in Sources */,
				DEFBEC5D1EE8EE36006FDADC /* UIImage+WQHelp.m in Sources */,
				DE52C9E71ED804C800FDE643 /* WQPresentationController.m in Sources */,
				DE52C9E61ED804C800FDE643 /* WQPopoverPresentationController.m in Sources */,
				DEFBEC4A1EE8ED9B006FDADC /* Colours.m in Sources */,
				DE52C9BF1ED8019600FDE643 /* WQCommonGroup.m in Sources */,
				DEFBEC4D1EE8ED9B006FDADC /* UIGestureRecognizer+Block.m in Sources */,
				DEFBEC5E1EE8EE36006FDADC /* UIImageView+WQAnimation.m in Sources */,
				DE52C9E51ED804C800FDE643 /* WQControllerTransition.m in Sources */,
				DE52C9C11ED8019600FDE643 /* WQCommonSwitchItem.m in Sources */,
				DE52C9E21ED804C800FDE643 /* WQBroserController.m in Sources */,
				DE52C9BD1ED8019600FDE643 /* WQCommonCenterItem.m in Sources */,
				DE52C96B1ED8005200FDE643 /* ViewController.m in Sources */,
				DE52C9C71ED8019600FDE643 /* WQEdgeTitleButton.m in Sources */,
				DE52C9BA1ED8019600FDE643 /* ZHAnimationView.m in Sources */,
				DEFBEC5F1EE8EE36006FDADC /* UIView+WQLayout.m in Sources */,
				DE52C9BC1ED8019600FDE643 /* WQCommonBaseItem.m in Sources */,
				DE52C9681ED8005200FDE643 /* AppDelegate.m in Sources */,
				DE52C9E41ED804C800FDE643 /* WQKeyboardAdjustHelp.m in Sources */,
				DE52C9C41ED8019600FDE643 /* WQCommonDataResource.m in Sources */,
				DE52C9E11ED804C800FDE643 /* WQAPPHELP.m in Sources */,
				DE67294A1EE68A18000D9C45 /* WQHUD.m in Sources */,
				DEFBEC4C1EE8ED9B006FDADC /* UIButton+countDown.m in Sources */,
				DE52C9C01ED8019600FDE643 /* WQCommonSubtitleItem.m in Sources */,
				DE4F88C51EE2984A00C33ABA /* WQUtils.m in Sources */,
				DE52C9C21ED8019600FDE643 /* WQCommonBaseCell.m in Sources */,
				DE52C9BE1ED8019600FDE643 /* WQCommonCustomItem.m in Sources */,
				DE52C9BB1ED8019600FDE643 /* WQCommonArrowItem.m in Sources */,
				DE52C9651ED8005200FDE643 /* main.m in Sources */,
				DE52C9C81ED8019600FDE643 /* WQStepNumberView.m in Sources */,
				DE52C9711ED8005200FDE643 /* WQBaseUIDemo.xcdatamodeld in Sources */,
			);
			runOnlyForDeploymentPostprocessing = 0;
		};
/* End PBXSourcesBuildPhase section */

/* Begin PBXVariantGroup section */
		DE52C96C1ED8005200FDE643 /* Main.storyboard */ = {
			isa = PBXVariantGroup;
			children = (
				DE52C96D1ED8005200FDE643 /* Base */,
			);
			name = Main.storyboard;
			sourceTree = "<group>";
		};
		DE52C9741ED8005200FDE643 /* LaunchScreen.storyboard */ = {
			isa = PBXVariantGroup;
			children = (
				DE52C9751ED8005200FDE643 /* Base */,
			);
			name = LaunchScreen.storyboard;
			sourceTree = "<group>";
		};
/* End PBXVariantGroup section */

/* Begin XCBuildConfiguration section */
		DE52C9781ED8005200FDE643 /* Debug */ = {
			isa = XCBuildConfiguration;
			buildSettings = {
				ALWAYS_SEARCH_USER_PATHS = NO;
				CLANG_ANALYZER_NONNULL = YES;
				CLANG_ANALYZER_NUMBER_OBJECT_CONVERSION = YES_AGGRESSIVE;
				CLANG_CXX_LANGUAGE_STANDARD = "gnu++0x";
				CLANG_CXX_LIBRARY = "libc++";
				CLANG_ENABLE_MODULES = YES;
				CLANG_ENABLE_OBJC_ARC = YES;
				CLANG_WARN_BOOL_CONVERSION = YES;
				CLANG_WARN_CONSTANT_CONVERSION = YES;
				CLANG_WARN_DIRECT_OBJC_ISA_USAGE = YES_ERROR;
				CLANG_WARN_DOCUMENTATION_COMMENTS = YES;
				CLANG_WARN_EMPTY_BODY = YES;
				CLANG_WARN_ENUM_CONVERSION = YES;
				CLANG_WARN_INFINITE_RECURSION = YES;
				CLANG_WARN_INT_CONVERSION = YES;
				CLANG_WARN_OBJC_ROOT_CLASS = YES_ERROR;
				CLANG_WARN_SUSPICIOUS_MOVE = YES;
				CLANG_WARN_UNREACHABLE_CODE = YES;
				CLANG_WARN__DUPLICATE_METHOD_MATCH = YES;
				"CODE_SIGN_IDENTITY[sdk=iphoneos*]" = "iPhone Developer";
				COPY_PHASE_STRIP = NO;
				DEBUG_INFORMATION_FORMAT = dwarf;
				ENABLE_STRICT_OBJC_MSGSEND = YES;
				ENABLE_TESTABILITY = YES;
				GCC_C_LANGUAGE_STANDARD = gnu99;
				GCC_DYNAMIC_NO_PIC = NO;
				GCC_NO_COMMON_BLOCKS = YES;
				GCC_OPTIMIZATION_LEVEL = 0;
				GCC_PREPROCESSOR_DEFINITIONS = (
					"DEBUG=1",
					"$(inherited)",
				);
				GCC_WARN_64_TO_32_BIT_CONVERSION = YES;
				GCC_WARN_ABOUT_RETURN_TYPE = YES_ERROR;
				GCC_WARN_UNDECLARED_SELECTOR = YES;
				GCC_WARN_UNINITIALIZED_AUTOS = YES_AGGRESSIVE;
				GCC_WARN_UNUSED_FUNCTION = YES;
				GCC_WARN_UNUSED_VARIABLE = YES;
				IPHONEOS_DEPLOYMENT_TARGET = 10.3;
				MTL_ENABLE_DEBUG_INFO = YES;
				ONLY_ACTIVE_ARCH = YES;
				SDKROOT = iphoneos;
			};
			name = Debug;
		};
		DE52C9791ED8005200FDE643 /* Release */ = {
			isa = XCBuildConfiguration;
			buildSettings = {
				ALWAYS_SEARCH_USER_PATHS = NO;
				CLANG_ANALYZER_NONNULL = YES;
				CLANG_ANALYZER_NUMBER_OBJECT_CONVERSION = YES_AGGRESSIVE;
				CLANG_CXX_LANGUAGE_STANDARD = "gnu++0x";
				CLANG_CXX_LIBRARY = "libc++";
				CLANG_ENABLE_MODULES = YES;
				CLANG_ENABLE_OBJC_ARC = YES;
				CLANG_WARN_BOOL_CONVERSION = YES;
				CLANG_WARN_CONSTANT_CONVERSION = YES;
				CLANG_WARN_DIRECT_OBJC_ISA_USAGE = YES_ERROR;
				CLANG_WARN_DOCUMENTATION_COMMENTS = YES;
				CLANG_WARN_EMPTY_BODY = YES;
				CLANG_WARN_ENUM_CONVERSION = YES;
				CLANG_WARN_INFINITE_RECURSION = YES;
				CLANG_WARN_INT_CONVERSION = YES;
				CLANG_WARN_OBJC_ROOT_CLASS = YES_ERROR;
				CLANG_WARN_SUSPICIOUS_MOVE = YES;
				CLANG_WARN_UNREACHABLE_CODE = YES;
				CLANG_WARN__DUPLICATE_METHOD_MATCH = YES;
				"CODE_SIGN_IDENTITY[sdk=iphoneos*]" = "iPhone Developer";
				COPY_PHASE_STRIP = NO;
				DEBUG_INFORMATION_FORMAT = "dwarf-with-dsym";
				ENABLE_NS_ASSERTIONS = NO;
				ENABLE_STRICT_OBJC_MSGSEND = YES;
				GCC_C_LANGUAGE_STANDARD = gnu99;
				GCC_NO_COMMON_BLOCKS = YES;
				GCC_WARN_64_TO_32_BIT_CONVERSION = YES;
				GCC_WARN_ABOUT_RETURN_TYPE = YES_ERROR;
				GCC_WARN_UNDECLARED_SELECTOR = YES;
				GCC_WARN_UNINITIALIZED_AUTOS = YES_AGGRESSIVE;
				GCC_WARN_UNUSED_FUNCTION = YES;
				GCC_WARN_UNUSED_VARIABLE = YES;
				IPHONEOS_DEPLOYMENT_TARGET = 10.3;
				MTL_ENABLE_DEBUG_INFO = NO;
				SDKROOT = iphoneos;
				VALIDATE_PRODUCT = YES;
			};
			name = Release;
		};
		DE52C97B1ED8005200FDE643 /* Debug */ = {
			isa = XCBuildConfiguration;
			baseConfigurationReference = 3878E90AA25713C18017F98C /* Pods-WQBaseUIDemo.debug.xcconfig */;
			buildSettings = {
				ASSETCATALOG_COMPILER_APPICON_NAME = AppIcon;
				INFOPLIST_FILE = WQBaseUIDemo/Info.plist;
				IPHONEOS_DEPLOYMENT_TARGET = 8.0;
				LD_RUNPATH_SEARCH_PATHS = "$(inherited) @executable_path/Frameworks";
				PRODUCT_BUNDLE_IDENTIFIER = WQ.WQBaseUIDemo;
				PRODUCT_NAME = "$(TARGET_NAME)";
			};
			name = Debug;
		};
		DE52C97C1ED8005200FDE643 /* Release */ = {
			isa = XCBuildConfiguration;
			baseConfigurationReference = 7F355AF01F0123EB3911390B /* Pods-WQBaseUIDemo.release.xcconfig */;
			buildSettings = {
				ASSETCATALOG_COMPILER_APPICON_NAME = AppIcon;
				INFOPLIST_FILE = WQBaseUIDemo/Info.plist;
				IPHONEOS_DEPLOYMENT_TARGET = 8.0;
				LD_RUNPATH_SEARCH_PATHS = "$(inherited) @executable_path/Frameworks";
				PRODUCT_BUNDLE_IDENTIFIER = WQ.WQBaseUIDemo;
				PRODUCT_NAME = "$(TARGET_NAME)";
			};
			name = Release;
		};
/* End XCBuildConfiguration section */

/* Begin XCConfigurationList section */
		DE52C95B1ED8005200FDE643 /* Build configuration list for PBXProject "WQBaseUIDemo" */ = {
			isa = XCConfigurationList;
			buildConfigurations = (
				DE52C9781ED8005200FDE643 /* Debug */,
				DE52C9791ED8005200FDE643 /* Release */,
			);
			defaultConfigurationIsVisible = 0;
			defaultConfigurationName = Release;
		};
		DE52C97A1ED8005200FDE643 /* Build configuration list for PBXNativeTarget "WQBaseUIDemo" */ = {
			isa = XCConfigurationList;
			buildConfigurations = (
				DE52C97B1ED8005200FDE643 /* Debug */,
				DE52C97C1ED8005200FDE643 /* Release */,
			);
			defaultConfigurationIsVisible = 0;
			defaultConfigurationName = Release;
		};
/* End XCConfigurationList section */

/* Begin XCVersionGroup section */
		DE52C96F1ED8005200FDE643 /* WQBaseUIDemo.xcdatamodeld */ = {
			isa = XCVersionGroup;
			children = (
				DE52C9701ED8005200FDE643 /* WQBaseUIDemo.xcdatamodel */,
			);
			currentVersion = DE52C9701ED8005200FDE643 /* WQBaseUIDemo.xcdatamodel */;
			path = WQBaseUIDemo.xcdatamodeld;
			sourceTree = "<group>";
			versionGroupType = wrapper.xcdatamodel;
		};
/* End XCVersionGroup section */
	};
	rootObject = DE52C9581ED8005200FDE643 /* Project object */;
}
